
Microsoft Visual Studio Solution File, Format Version 12.00
# Visual Studio 15
VisualStudioVersion = 15.0.28307.271
MinimumVisualStudioVersion = 10.0.40219.1
Project("{FAE04EC0-301F-11D3-BF4B-00C04F79EFBC}") = "SportsStore", "SportsStore\SportsStore.csproj", "{340CD9C0-0105-4992-B988-FE61E08D437C}"
EndProject
Global
	GlobalSection(SolutionConfigurationPlatforms) = preSolution
		Debug|Any CPU = Debug|Any CPU
		Release|Any CPU = Release|Any CPU
	EndGlobalSection
	GlobalSection(ProjectConfigurationPlatforms) = postSolution
		{340CD9C0-0105-4992-B988-FE61E08D437C}.Debug|Any CPU.ActiveCfg = Debug|Any CPU
		{340CD9C0-0105-4992-B988-FE61E08D437C}.Debug|Any CPU.Build.0 = Debug|Any CPU
		{340CD9C0-0105-4992-B988-FE61E08D437C}.Release|Any CPU.ActiveCfg = Release|Any CPU
		{340CD9C0-0105-4992-B988-FE61E08D437C}.Release|Any CPU.Build.0 = Release|Any CPU
	EndGlobalSection
	GlobalSection(SolutionProperties) = preSolution
		HideSolutionNode = FALSE
	EndGlobalSection
	GlobalSection(ExtensibilityGlobals) = postSolution
		SolutionGuid = {56E00676-7B41-48D4-9EBA-987A9C465E59}
	EndGlobalSection
EndGlobal
